
Microsoft Visual Studio Solution File, Format Version 12.00
# Visual Studio Version 17
VisualStudioVersion = 17.10.34928.147
MinimumVisualStudioVersion = 10.0.40219.1
Project("{9A19103F-16F7-4668-BE54-9A1E7A4F7556}") = "Restful API", "Restful API\Restful API.csproj", "{276DF58A-E83C-4577-B3FB-BA7EBC5490A1}"
EndProject
Project("{FAE04EC0-301F-11D3-BF4B-00C04F79EFBC}") = "Restful API Unit Test", "Restful API Unit Test\Restful API Unit Test.csproj", "{9B0BFFE4-E6B0-4ABA-BF19-EA09C4D90A9D}"
EndProject
Global
	GlobalSection(SolutionConfigurationPlatforms) = preSolution
		Debug|Any CPU = Debug|Any CPU
		Release|Any CPU = Release|Any CPU
	EndGlobalSection
	GlobalSection(ProjectConfigurationPlatforms) = postSolution
		{276DF58A-E83C-4577-B3FB-BA7EBC5490A1}.Debug|Any CPU.ActiveCfg = Debug|Any CPU
		{276DF58A-E83C-4577-B3FB-BA7EBC5490A1}.Debug|Any CPU.Build.0 = Debug|Any CPU
		{276DF58A-E83C-4577-B3FB-BA7EBC5490A1}.Release|Any CPU.ActiveCfg = Release|Any CPU
		{276DF58A-E83C-4577-B3FB-BA7EBC5490A1}.Release|Any CPU.Build.0 = Release|Any CPU
		{9B0BFFE4-E6B0-4ABA-BF19-EA09C4D90A9D}.Debug|Any CPU.ActiveCfg = Debug|Any CPU
		{9B0BFFE4-E6B0-4ABA-BF19-EA09C4D90A9D}.Debug|Any CPU.Build.0 = Debug|Any CPU
		{9B0BFFE4-E6B0-4ABA-BF19-EA09C4D90A9D}.Release|Any CPU.ActiveCfg = Release|Any CPU
		{9B0BFFE4-E6B0-4ABA-BF19-EA09C4D90A9D}.Release|Any CPU.Build.0 = Release|Any CPU
	EndGlobalSection
	GlobalSection(SolutionProperties) = preSolution
		HideSolutionNode = FALSE
	EndGlobalSection
	GlobalSection(ExtensibilityGlobals) = postSolution
		SolutionGuid = {6C37888F-B1AC-4064-B97B-43C39E625ECE}
	EndGlobalSection
EndGlobal
